
Microsoft Visual Studio Solution File, Format Version 12.00
# Visual Studio Version 16
VisualStudioVersion = 16.0.31321.278
MinimumVisualStudioVersion = 10.0.40219.1
Project("{FAE04EC0-301F-11D3-BF4B-00C04F79EFBC}") = "ListTest", "ListTest\ListTest.csproj", "{E782BDF6-BFC4-4C72-A9D1-E0646F54962F}"
EndProject
Project("{FAE04EC0-301F-11D3-BF4B-00C04F79EFBC}") = "ClassLibrary", "ClassLibrary\ClassLibrary.csproj", "{D0AFB332-387A-45BC-9F50-37233FDD756E}"
EndProject
Global
	GlobalSection(SolutionConfigurationPlatforms) = preSolution
		Debug|Any CPU = Debug|Any CPU
		Release|Any CPU = Release|Any CPU
	EndGlobalSection
	GlobalSection(ProjectConfigurationPlatforms) = postSolution
		{E782BDF6-BFC4-4C72-A9D1-E0646F54962F}.Debug|Any CPU.ActiveCfg = Debug|Any CPU
		{E782BDF6-BFC4-4C72-A9D1-E0646F54962F}.Debug|Any CPU.Build.0 = Debug|Any CPU
		{E782BDF6-BFC4-4C72-A9D1-E0646F54962F}.Release|Any CPU.ActiveCfg = Release|Any CPU
		{E782BDF6-BFC4-4C72-A9D1-E0646F54962F}.Release|Any CPU.Build.0 = Release|Any CPU
		{D0AFB332-387A-45BC-9F50-37233FDD756E}.Debug|Any CPU.ActiveCfg = Debug|Any CPU
		{D0AFB332-387A-45BC-9F50-37233FDD756E}.Debug|Any CPU.Build.0 = Debug|Any CPU
		{D0AFB332-387A-45BC-9F50-37233FDD756E}.Release|Any CPU.ActiveCfg = Release|Any CPU
		{D0AFB332-387A-45BC-9F50-37233FDD756E}.Release|Any CPU.Build.0 = Release|Any CPU
	EndGlobalSection
	GlobalSection(SolutionProperties) = preSolution
		HideSolutionNode = FALSE
	EndGlobalSection
	GlobalSection(ExtensibilityGlobals) = postSolution
		SolutionGuid = {2960630A-6CB8-4191-B0F7-89AAB1ABA93F}
	EndGlobalSection
EndGlobal
